Microsoft Visual Studio Solution File, Format Version 12.00
# Visual Studio Version 17
VisualStudioVersion = 17.5.2.0
MinimumVisualStudioVersion = 10.0.40219.1
Project("{FAE04EC0-301F-11D3-BF4B-00C04F79EFBC}") = "BadAppleMod", "BadAppleMod.csproj", "{6611001D-735A-4EC3-1F7C-28AB79760401}"
EndProject
Global
	GlobalSection(SolutionConfigurationPlatforms) = preSolution
		Debug|Any CPU = Debug|Any CPU
		Release|Any CPU = Release|Any CPU
	EndGlobalSection
	GlobalSection(ProjectConfigurationPlatforms) = postSolution
		{6611001D-735A-4EC3-1F7C-28AB79760401}.Debug|Any CPU.ActiveCfg = Debug|Any CPU
		{6611001D-735A-4EC3-1F7C-28AB79760401}.Debug|Any CPU.Build.0 = Debug|Any CPU
		{6611001D-735A-4EC3-1F7C-28AB79760401}.Release|Any CPU.ActiveCfg = Release|Any CPU
		{6611001D-735A-4EC3-1F7C-28AB79760401}.Release|Any CPU.Build.0 = Release|Any CPU
	EndGlobalSection
	GlobalSection(SolutionProperties) = preSolution
		HideSolutionNode = FALSE
	EndGlobalSection
	GlobalSection(ExtensibilityGlobals) = postSolution
		SolutionGuid = {7C3925CC-84B8-4E1A-B03F-176C2605FE1B}
	EndGlobalSection
EndGlobal
